
Microsoft Visual Studio Solution File, Format Version 12.00
# Visual Studio 15
VisualStudioVersion = 15.0.28307.106
MinimumVisualStudioVersion = 10.0.40219.1
Project("{FAE04EC0-301F-11D3-BF4B-00C04F79EFBC}") = "WebProje.WebApp", "WebProje.WebApp\WebProje.WebApp.csproj", "{8FEE2292-B41A-4B4F-9393-C9C27C8F7110}"
EndProject
Project("{FAE04EC0-301F-11D3-BF4B-00C04F79EFBC}") = "WebProje.Entities", "WebProje.Entities\WebProje.Entities.csproj", "{A0B5B00B-4500-439E-A504-0043C2138942}"
EndProject
Project("{FAE04EC0-301F-11D3-BF4B-00C04F79EFBC}") = "WebProje.BusinessLayer", "WebProje.BusinessLayer\WebProje.BusinessLayer.csproj", "{1437A25D-071A-4565-8906-0E5BE0E6B750}"
EndProject
Project("{FAE04EC0-301F-11D3-BF4B-00C04F79EFBC}") = "WebProje.DataAccessLayer", "WebProje.DataAccessLayer\WebProje.DataAccessLayer.csproj", "{3184CA41-8E06-4545-AB96-1A4638AE0B01}"
EndProject
Project("{FAE04EC0-301F-11D3-BF4B-00C04F79EFBC}") = "WebProje.Common", "WebProje.Common\WebProje.Common.csproj", "{690E335E-6319-4E00-A8C0-A0CE340D71AA}"
EndProject
Project("{FAE04EC0-301F-11D3-BF4B-00C04F79EFBC}") = "WebProje.Core", "WebProje.Core\WebProje.Core.csproj", "{93C14031-687D-4674-B19A-C1D7C5D91C9F}"
EndProject
Global
	GlobalSection(SolutionConfigurationPlatforms) = preSolution
		Debug|Any CPU = Debug|Any CPU
		Debug|ARM = Debug|ARM
		Debug|ARM64 = Debug|ARM64
		Debug|x64 = Debug|x64
		Debug|x86 = Debug|x86
		Release|Any CPU = Release|Any CPU
		Release|ARM = Release|ARM
		Release|ARM64 = Release|ARM64
		Release|x64 = Release|x64
		Release|x86 = Release|x86
	EndGlobalSection
	GlobalSection(ProjectConfigurationPlatforms) = postSolution
		{8FEE2292-B41A-4B4F-9393-C9C27C8F7110}.Debug|Any CPU.ActiveCfg = Debug|Any CPU
		{8FEE2292-B41A-4B4F-9393-C9C27C8F7110}.Debug|Any CPU.Build.0 = Debug|Any CPU
		{8FEE2292-B41A-4B4F-9393-C9C27C8F7110}.Debug|ARM.ActiveCfg = Debug|Any CPU
		{8FEE2292-B41A-4B4F-9393-C9C27C8F7110}.Debug|ARM.Build.0 = Debug|Any CPU
		{8FEE2292-B41A-4B4F-9393-C9C27C8F7110}.Debug|ARM64.ActiveCfg = Debug|Any CPU
		{8FEE2292-B41A-4B4F-9393-C9C27C8F7110}.Debug|ARM64.Build.0 = Debug|Any CPU
		{8FEE2292-B41A-4B4F-9393-C9C27C8F7110}.Debug|x64.ActiveCfg = Debug|Any CPU
		{8FEE2292-B41A-4B4F-9393-C9C27C8F7110}.Debug|x64.Build.0 = Debug|Any CPU
		{8FEE2292-B41A-4B4F-9393-C9C27C8F7110}.Debug|x86.ActiveCfg = Debug|Any CPU
		{8FEE2292-B41A-4B4F-9393-C9C27C8F7110}.Debug|x86.Build.0 = Debug|Any CPU
		{8FEE2292-B41A-4B4F-9393-C9C27C8F7110}.Release|Any CPU.ActiveCfg = Release|Any CPU
		{8FEE2292-B41A-4B4F-9393-C9C27C8F7110}.Release|Any CPU.Build.0 = Release|Any CPU
		{8FEE2292-B41A-4B4F-9393-C9C27C8F7110}.Release|ARM.ActiveCfg = Release|Any CPU
		{8FEE2292-B41A-4B4F-9393-C9C27C8F7110}.Release|ARM.Build.0 = Release|Any CPU
		{8FEE2292-B41A-4B4F-9393-C9C27C8F7110}.Release|ARM64.ActiveCfg = Release|Any CPU
		{8FEE2292-B41A-4B4F-9393-C9C27C8F7110}.Release|ARM64.Build.0 = Release|Any CPU
		{8FEE2292-B41A-4B4F-9393-C9C27C8F7110}.Release|x64.ActiveCfg = Release|Any CPU
		{8FEE2292-B41A-4B4F-9393-C9C27C8F7110}.Release|x64.Build.0 = Release|Any CPU
		{8FEE2292-B41A-4B4F-9393-C9C27C8F7110}.Release|x86.ActiveCfg = Release|Any CPU
		{8FEE2292-B41A-4B4F-9393-C9C27C8F7110}.Release|x86.Build.0 = Release|Any CPU
		{A0B5B00B-4500-439E-A504-0043C2138942}.Debug|Any CPU.ActiveCfg = Debug|Any CPU
		{A0B5B00B-4500-439E-A504-0043C2138942}.Debug|Any CPU.Build.0 = Debug|Any CPU
		{A0B5B00B-4500-439E-A504-0043C2138942}.Debug|ARM.ActiveCfg = Debug|Any CPU
		{A0B5B00B-4500-439E-A504-0043C2138942}.Debug|ARM.Build.0 = Debug|Any CPU
		{A0B5B00B-4500-439E-A504-0043C2138942}.Debug|ARM64.ActiveCfg = Debug|Any CPU
		{A0B5B00B-4500-439E-A504-0043C2138942}.Debug|ARM64.Build.0 = Debug|Any CPU
		{A0B5B00B-4500-439E-A504-0043C2138942}.Debug|x64.ActiveCfg = Debug|Any CPU
		{A0B5B00B-4500-439E-A504-0043C2138942}.Debug|x64.Build.0 = Debug|Any CPU
		{A0B5B00B-4500-439E-A504-0043C2138942}.Debug|x86.ActiveCfg = Debug|Any CPU
		{A0B5B00B-4500-439E-A504-0043C2138942}.Debug|x86.Build.0 = Debug|Any CPU
		{A0B5B00B-4500-439E-A504-0043C2138942}.Release|Any CPU.ActiveCfg = Release|Any CPU
		{A0B5B00B-4500-439E-A504-0043C2138942}.Release|Any CPU.Build.0 = Release|Any CPU
		{A0B5B00B-4500-439E-A504-0043C2138942}.Release|ARM.ActiveCfg = Release|Any CPU
		{A0B5B00B-4500-439E-A504-0043C2138942}.Release|ARM.Build.0 = Release|Any CPU
		{A0B5B00B-4500-439E-A504-0043C2138942}.Release|ARM64.ActiveCfg = Release|Any CPU
		{A0B5B00B-4500-439E-A504-0043C2138942}.Release|ARM64.Build.0 = Release|Any CPU
		{A0B5B00B-4500-439E-A504-0043C2138942}.Release|x64.ActiveCfg = Release|Any CPU
		{A0B5B00B-4500-439E-A504-0043C2138942}.Release|x64.Build.0 = Release|Any CPU
		{A0B5B00B-4500-439E-A504-0043C2138942}.Release|x86.ActiveCfg = Release|Any CPU
		{A0B5B00B-4500-439E-A504-0043C2138942}.Release|x86.Build.0 = Release|Any CPU
		{1437A25D-071A-4565-8906-0E5BE0E6B750}.Debug|Any CPU.ActiveCfg = Debug|Any CPU
		{1437A25D-071A-4565-8906-0E5BE0E6B750}.Debug|Any CPU.Build.0 = Debug|Any CPU
		{1437A25D-071A-4565-8906-0E5BE0E6B750}.Debug|ARM.ActiveCfg = Debug|Any CPU
		{1437A25D-071A-4565-8906-0E5BE0E6B750}.Debug|ARM.Build.0 = Debug|Any CPU
		{1437A25D-071A-4565-8906-0E5BE0E6B750}.Debug|ARM64.ActiveCfg = Debug|Any CPU
		{1437A25D-071A-4565-8906-0E5BE0E6B750}.Debug|ARM64.Build.0 = Debug|Any CPU
		{1437A25D-071A-4565-8906-0E5BE0E6B750}.Debug|x64.ActiveCfg = Debug|Any CPU
		{1437A25D-071A-4565-8906-0E5BE0E6B750}.Debug|x64.Build.0 = Debug|Any CPU
		{1437A25D-071A-4565-8906-0E5BE0E6B750}.Debug|x86.ActiveCfg = Debug|Any CPU
		{1437A25D-071A-4565-8906-0E5BE0E6B750}.Debug|x86.Build.0 = Debug|Any CPU
		{1437A25D-071A-4565-8906-0E5BE0E6B750}.Release|Any CPU.ActiveCfg = Release|Any CPU
		{1437A25D-071A-4565-8906-0E5BE0E6B750}.Release|Any CPU.Build.0 = Release|Any CPU
		{1437A25D-071A-4565-8906-0E5BE0E6B750}.Release|ARM.ActiveCfg = Release|Any CPU
		{1437A25D-071A-4565-8906-0E5BE0E6B750}.Release|ARM.Build.0 = Release|Any CPU
		{1437A25D-071A-4565-8906-0E5BE0E6B750}.Release|ARM64.ActiveCfg = Release|Any CPU
		{1437A25D-071A-4565-8906-0E5BE0E6B750}.Release|ARM64.Build.0 = Release|Any CPU
		{1437A25D-071A-4565-8906-0E5BE0E6B750}.Release|x64.ActiveCfg = Release|Any CPU
		{1437A25D-071A-4565-8906-0E5BE0E6B750}.Release|x64.Build.0 = Release|Any CPU
		{1437A25D-071A-4565-8906-0E5BE0E6B750}.Release|x86.ActiveCfg = Release|Any CPU
		{1437A25D-071A-4565-8906-0E5BE0E6B750}.Release|x86.Build.0 = Release|Any CPU
		{3184CA41-8E06-4545-AB96-1A4638AE0B01}.Debug|Any CPU.ActiveCfg = Debug|Any CPU
		{3184CA41-8E06-4545-AB96-1A4638AE0B01}.Debug|Any CPU.Build.0 = Debug|Any CPU
		{3184CA41-8E06-4545-AB96-1A4638AE0B01}.Debug|ARM.ActiveCfg = Debug|Any CPU
		{3184CA41-8E06-4545-AB96-1A4638AE0B01}.Debug|ARM.Build.0 = Debug|Any CPU
		{3184CA41-8E06-4545-AB96-1A4638AE0B01}.Debug|ARM64.ActiveCfg = Debug|Any CPU
		{3184CA41-8E06-4545-AB96-1A4638AE0B01}.Debug|ARM64.Build.0 = Debug|Any CPU
		{3184CA41-8E06-4545-AB96-1A4638AE0B01}.Debug|x64.ActiveCfg = Debug|Any CPU
		{3184CA41-8E06-4545-AB96-1A4638AE0B01}.Debug|x64.Build.0 = Debug|Any CPU
		{3184CA41-8E06-4545-AB96-1A4638AE0B01}.Debug|x86.ActiveCfg = Debug|Any CPU
		{3184CA41-8E06-4545-AB96-1A4638AE0B01}.Debug|x86.Build.0 = Debug|Any CPU
		{3184CA41-8E06-4545-AB96-1A4638AE0B01}.Release|Any CPU.ActiveCfg = Release|Any CPU
		{3184CA41-8E06-4545-AB96-1A4638AE0B01}.Release|Any CPU.Build.0 = Release|Any CPU
		{3184CA41-8E06-4545-AB96-1A4638AE0B01}.Release|ARM.ActiveCfg = Release|Any CPU
		{3184CA41-8E06-4545-AB96-1A4638AE0B01}.Release|ARM.Build.0 = Release|Any CPU
		{3184CA41-8E06-4545-AB96-1A4638AE0B01}.Release|ARM64.ActiveCfg = Release|Any CPU
		{3184CA41-8E06-4545-AB96-1A4638AE0B01}.Release|ARM64.Build.0 = Release|Any CPU
		{3184CA41-8E06-4545-AB96-1A4638AE0B01}.Release|x64.ActiveCfg = Release|Any CPU
		{3184CA41-8E06-4545-AB96-1A4638AE0B01}.Release|x64.Build.0 = Release|Any CPU
		{3184CA41-8E06-4545-AB96-1A4638AE0B01}.Release|x86.ActiveCfg = Release|Any CPU
		{3184CA41-8E06-4545-AB96-1A4638AE0B01}.Release|x86.Build.0 = Release|Any CPU
		{690E335E-6319-4E00-A8C0-A0CE340D71AA}.Debug|Any CPU.ActiveCfg = Debug|Any CPU
		{690E335E-6319-4E00-A8C0-A0CE340D71AA}.Debug|Any CPU.Build.0 = Debug|Any CPU
		{690E335E-6319-4E00-A8C0-A0CE340D71AA}.Debug|ARM.ActiveCfg = Debug|Any CPU
		{690E335E-6319-4E00-A8C0-A0CE340D71AA}.Debug|ARM.Build.0 = Debug|Any CPU
		{690E335E-6319-4E00-A8C0-A0CE340D71AA}.Debug|ARM64.ActiveCfg = Debug|Any CPU
		{690E335E-6319-4E00-A8C0-A0CE340D71AA}.Debug|ARM64.Build.0 = Debug|Any CPU
		{690E335E-6319-4E00-A8C0-A0CE340D71AA}.Debug|x64.ActiveCfg = Debug|Any CPU
		{690E335E-6319-4E00-A8C0-A0CE340D71AA}.Debug|x64.Build.0 = Debug|Any CPU
		{690E335E-6319-4E00-A8C0-A0CE340D71AA}.Debug|x86.ActiveCfg = Debug|Any CPU
		{690E335E-6319-4E00-A8C0-A0CE340D71AA}.Debug|x86.Build.0 = Debug|Any CPU
		{690E335E-6319-4E00-A8C0-A0CE340D71AA}.Release|Any CPU.ActiveCfg = Release|Any CPU
		{690E335E-6319-4E00-A8C0-A0CE340D71AA}.Release|Any CPU.Build.0 = Release|Any CPU
		{690E335E-6319-4E00-A8C0-A0CE340D71AA}.Release|ARM.ActiveCfg = Release|Any CPU
		{690E335E-6319-4E00-A8C0-A0CE340D71AA}.Release|ARM.Build.0 = Release|Any CPU
		{690E335E-6319-4E00-A8C0-A0CE340D71AA}.Release|ARM64.ActiveCfg = Release|Any CPU
		{690E335E-6319-4E00-A8C0-A0CE340D71AA}.Release|ARM64.Build.0 = Release|Any CPU
		{690E335E-6319-4E00-A8C0-A0CE340D71AA}.Release|x64.ActiveCfg = Release|Any CPU
		{690E335E-6319-4E00-A8C0-A0CE340D71AA}.Release|x64.Build.0 = Release|Any CPU
		{690E335E-6319-4E00-A8C0-A0CE340D71AA}.Release|x86.ActiveCfg = Release|Any CPU
		{690E335E-6319-4E00-A8C0-A0CE340D71AA}.Release|x86.Build.0 = Release|Any CPU
		{93C14031-687D-4674-B19A-C1D7C5D91C9F}.Debug|Any CPU.ActiveCfg = Debug|Any CPU
		{93C14031-687D-4674-B19A-C1D7C5D91C9F}.Debug|Any CPU.Build.0 = Debug|Any CPU
		{93C14031-687D-4674-B19A-C1D7C5D91C9F}.Debug|ARM.ActiveCfg = Debug|Any CPU
		{93C14031-687D-4674-B19A-C1D7C5D91C9F}.Debug|ARM.Build.0 = Debug|Any CPU
		{93C14031-687D-4674-B19A-C1D7C5D91C9F}.Debug|ARM64.ActiveCfg = Debug|Any CPU
		{93C14031-687D-4674-B19A-C1D7C5D91C9F}.Debug|ARM64.Build.0 = Debug|Any CPU
		{93C14031-687D-4674-B19A-C1D7C5D91C9F}.Debug|x64.ActiveCfg = Debug|Any CPU
		{93C14031-687D-4674-B19A-C1D7C5D91C9F}.Debug|x64.Build.0 = Debug|Any CPU
		{93C14031-687D-4674-B19A-C1D7C5D91C9F}.Debug|x86.ActiveCfg = Debug|Any CPU
		{93C14031-687D-4674-B19A-C1D7C5D91C9F}.Debug|x86.Build.0 = Debug|Any CPU
		{93C14031-687D-4674-B19A-C1D7C5D91C9F}.Release|Any CPU.ActiveCfg = Release|Any CPU
		{93C14031-687D-4674-B19A-C1D7C5D91C9F}.Release|Any CPU.Build.0 = Release|Any CPU
		{93C14031-687D-4674-B19A-C1D7C5D91C9F}.Release|ARM.ActiveCfg = Release|Any CPU
		{93C14031-687D-4674-B19A-C1D7C5D91C9F}.Release|ARM.Build.0 = Release|Any CPU
		{93C14031-687D-4674-B19A-C1D7C5D91C9F}.Release|ARM64.ActiveCfg = Release|Any CPU
		{93C14031-687D-4674-B19A-C1D7C5D91C9F}.Release|ARM64.Build.0 = Release|Any CPU
		{93C14031-687D-4674-B19A-C1D7C5D91C9F}.Release|x64.ActiveCfg = Release|Any CPU
		{93C14031-687D-4674-B19A-C1D7C5D91C9F}.Release|x64.Build.0 = Release|Any CPU
		{93C14031-687D-4674-B19A-C1D7C5D91C9F}.Release|x86.ActiveCfg = Release|Any CPU
		{93C14031-687D-4674-B19A-C1D7C5D91C9F}.Release|x86.Build.0 = Release|Any CPU
	EndGlobalSection
	GlobalSection(SolutionProperties) = preSolution
		HideSolutionNode = FALSE
	EndGlobalSection
	GlobalSection(ExtensibilityGlobals) = postSolution
		SolutionGuid = {81A1F342-08B4-417C-9641-23A1434CF255}
	EndGlobalSection
EndGlobal
